
Microsoft Visual Studio Solution File, Format Version 12.00
# Visual Studio Version 17
VisualStudioVersion = 17.9.34622.214
MinimumVisualStudioVersion = 10.0.40219.1
Project("{FAE04EC0-301F-11D3-BF4B-00C04F79EFBC}") = "01_MainSubjects", "01_MainSubjects\01_MainSubjects.csproj", "{1920B0B2-82B0-4E74-92BA-7F08535FD67B}"
EndProject
Project("{FAE04EC0-301F-11D3-BF4B-00C04F79EFBC}") = "02_Variables", "02_Variables\02_Variables.csproj", "{94D18E6D-6202-478C-A4A8-E58652C6E467}"
EndProject
Project("{FAE04EC0-301F-11D3-BF4B-00C04F79EFBC}") = "03_MakingDecision", "03_MakingDecision\03_MakingDecision.csproj", "{899A0A44-AA07-453C-9DCD-77838CD062B4}"
EndProject
Project("{FAE04EC0-301F-11D3-BF4B-00C04F79EFBC}") = "04_Loops", "04_Loops\04_Loops.csproj", "{CA8E2524-C0E4-4C9E-86AC-096F5C8E6AD6}"
EndProject
Project("{FAE04EC0-301F-11D3-BF4B-00C04F79EFBC}") = "05_LoopsWithStars", "05_LoopsWithStars\05_LoopsWithStars.csproj", "{BFED6775-5134-4B8E-A8C6-09C4C58704C9}"
EndProject
Project("{FAE04EC0-301F-11D3-BF4B-00C04F79EFBC}") = "06_Arrays", "06_Arrays\06_Arrays.csproj", "{0B5C0ABA-9890-41D4-B90B-C1C753267ED8}"
EndProject
Project("{FAE04EC0-301F-11D3-BF4B-00C04F79EFBC}") = "07_ForeachLoop", "07_ForeachLoop\07_ForeachLoop.csproj", "{45FBD1CA-D6F2-40E7-A6F7-966868DB2702}"
EndProject
Project("{FAE04EC0-301F-11D3-BF4B-00C04F79EFBC}") = "08_Methods", "08_Methods\08_Methods.csproj", "{0C007681-EDB1-4821-A692-04EA5C4EED19}"
EndProject
Project("{FAE04EC0-301F-11D3-BF4B-00C04F79EFBC}") = "09_DatabaseProject", "09_DatabaseProject\09_DatabaseProject.csproj", "{85E5D5EB-1489-4147-9AF1-568566092B3B}"
EndProject
Global
	GlobalSection(SolutionConfigurationPlatforms) = preSolution
		Debug|Any CPU = Debug|Any CPU
		Release|Any CPU = Release|Any CPU
	EndGlobalSection
	GlobalSection(ProjectConfigurationPlatforms) = postSolution
		{1920B0B2-82B0-4E74-92BA-7F08535FD67B}.Debug|Any CPU.ActiveCfg = Debug|Any CPU
		{1920B0B2-82B0-4E74-92BA-7F08535FD67B}.Debug|Any CPU.Build.0 = Debug|Any CPU
		{1920B0B2-82B0-4E74-92BA-7F08535FD67B}.Release|Any CPU.ActiveCfg = Release|Any CPU
		{1920B0B2-82B0-4E74-92BA-7F08535FD67B}.Release|Any CPU.Build.0 = Release|Any CPU
		{94D18E6D-6202-478C-A4A8-E58652C6E467}.Debug|Any CPU.ActiveCfg = Debug|Any CPU
		{94D18E6D-6202-478C-A4A8-E58652C6E467}.Debug|Any CPU.Build.0 = Debug|Any CPU
		{94D18E6D-6202-478C-A4A8-E58652C6E467}.Release|Any CPU.ActiveCfg = Release|Any CPU
		{94D18E6D-6202-478C-A4A8-E58652C6E467}.Release|Any CPU.Build.0 = Release|Any CPU
		{899A0A44-AA07-453C-9DCD-77838CD062B4}.Debug|Any CPU.ActiveCfg = Debug|Any CPU
		{899A0A44-AA07-453C-9DCD-77838CD062B4}.Debug|Any CPU.Build.0 = Debug|Any CPU
		{899A0A44-AA07-453C-9DCD-77838CD062B4}.Release|Any CPU.ActiveCfg = Release|Any CPU
		{899A0A44-AA07-453C-9DCD-77838CD062B4}.Release|Any CPU.Build.0 = Release|Any CPU
		{CA8E2524-C0E4-4C9E-86AC-096F5C8E6AD6}.Debug|Any CPU.ActiveCfg = Debug|Any CPU
		{CA8E2524-C0E4-4C9E-86AC-096F5C8E6AD6}.Debug|Any CPU.Build.0 = Debug|Any CPU
		{CA8E2524-C0E4-4C9E-86AC-096F5C8E6AD6}.Release|Any CPU.ActiveCfg = Release|Any CPU
		{CA8E2524-C0E4-4C9E-86AC-096F5C8E6AD6}.Release|Any CPU.Build.0 = Release|Any CPU
		{BFED6775-5134-4B8E-A8C6-09C4C58704C9}.Debug|Any CPU.ActiveCfg = Debug|Any CPU
		{BFED6775-5134-4B8E-A8C6-09C4C58704C9}.Debug|Any CPU.Build.0 = Debug|Any CPU
		{BFED6775-5134-4B8E-A8C6-09C4C58704C9}.Release|Any CPU.ActiveCfg = Release|Any CPU
		{BFED6775-5134-4B8E-A8C6-09C4C58704C9}.Release|Any CPU.Build.0 = Release|Any CPU
		{0B5C0ABA-9890-41D4-B90B-C1C753267ED8}.Debug|Any CPU.ActiveCfg = Debug|Any CPU
		{0B5C0ABA-9890-41D4-B90B-C1C753267ED8}.Debug|Any CPU.Build.0 = Debug|Any CPU
		{0B5C0ABA-9890-41D4-B90B-C1C753267ED8}.Release|Any CPU.ActiveCfg = Release|Any CPU
		{0B5C0ABA-9890-41D4-B90B-C1C753267ED8}.Release|Any CPU.Build.0 = Release|Any CPU
		{45FBD1CA-D6F2-40E7-A6F7-966868DB2702}.Debug|Any CPU.ActiveCfg = Debug|Any CPU
		{45FBD1CA-D6F2-40E7-A6F7-966868DB2702}.Debug|Any CPU.Build.0 = Debug|Any CPU
		{45FBD1CA-D6F2-40E7-A6F7-966868DB2702}.Release|Any CPU.ActiveCfg = Release|Any CPU
		{45FBD1CA-D6F2-40E7-A6F7-966868DB2702}.Release|Any CPU.Build.0 = Release|Any CPU
		{0C007681-EDB1-4821-A692-04EA5C4EED19}.Debug|Any CPU.ActiveCfg = Debug|Any CPU
		{0C007681-EDB1-4821-A692-04EA5C4EED19}.Debug|Any CPU.Build.0 = Debug|Any CPU
		{0C007681-EDB1-4821-A692-04EA5C4EED19}.Release|Any CPU.ActiveCfg = Release|Any CPU
		{0C007681-EDB1-4821-A692-04EA5C4EED19}.Release|Any CPU.Build.0 = Release|Any CPU
		{85E5D5EB-1489-4147-9AF1-568566092B3B}.Debug|Any CPU.ActiveCfg = Debug|Any CPU
		{85E5D5EB-1489-4147-9AF1-568566092B3B}.Debug|Any CPU.Build.0 = Debug|Any CPU
		{85E5D5EB-1489-4147-9AF1-568566092B3B}.Release|Any CPU.ActiveCfg = Release|Any CPU
		{85E5D5EB-1489-4147-9AF1-568566092B3B}.Release|Any CPU.Build.0 = Release|Any CPU
	EndGlobalSection
	GlobalSection(SolutionProperties) = preSolution
		HideSolutionNode = FALSE
	EndGlobalSection
	GlobalSection(ExtensibilityGlobals) = postSolution
		SolutionGuid = {E1A2361E-CA00-4142-B46B-3D42EBF76145}
	EndGlobalSection
EndGlobal
