
Microsoft Visual Studio Solution File, Format Version 12.00
# Visual Studio Version 17
VisualStudioVersion = 17.9.34622.214
MinimumVisualStudioVersion = 10.0.40219.1
Project("{FAE04EC0-301F-11D3-BF4B-00C04F79EFBC}") = "01_MainSubjects", "01_MainSubjects\01_MainSubjects.csproj", "{1920B0B2-82B0-4E74-92BA-7F08535FD67B}"
EndProject
Project("{FAE04EC0-301F-11D3-BF4B-00C04F79EFBC}") = "02_Variables", "02_Variables\02_Variables.csproj", "{94D18E6D-6202-478C-A4A8-E58652C6E467}"
EndProject
Global
	GlobalSection(SolutionConfigurationPlatforms) = preSolution
		Debug|Any CPU = Debug|Any CPU
		Release|Any CPU = Release|Any CPU
	EndGlobalSection
	GlobalSection(ProjectConfigurationPlatforms) = postSolution
		{1920B0B2-82B0-4E74-92BA-7F08535FD67B}.Debug|Any CPU.ActiveCfg = Debug|Any CPU
		{1920B0B2-82B0-4E74-92BA-7F08535FD67B}.Debug|Any CPU.Build.0 = Debug|Any CPU
		{1920B0B2-82B0-4E74-92BA-7F08535FD67B}.Release|Any CPU.ActiveCfg = Release|Any CPU
		{1920B0B2-82B0-4E74-92BA-7F08535FD67B}.Release|Any CPU.Build.0 = Release|Any CPU
		{94D18E6D-6202-478C-A4A8-E58652C6E467}.Debug|Any CPU.ActiveCfg = Debug|Any CPU
		{94D18E6D-6202-478C-A4A8-E58652C6E467}.Debug|Any CPU.Build.0 = Debug|Any CPU
		{94D18E6D-6202-478C-A4A8-E58652C6E467}.Release|Any CPU.ActiveCfg = Release|Any CPU
		{94D18E6D-6202-478C-A4A8-E58652C6E467}.Release|Any CPU.Build.0 = Release|Any CPU
	EndGlobalSection
	GlobalSection(SolutionProperties) = preSolution
		HideSolutionNode = FALSE
	EndGlobalSection
	GlobalSection(ExtensibilityGlobals) = postSolution
		SolutionGuid = {E1A2361E-CA00-4142-B46B-3D42EBF76145}
	EndGlobalSection
EndGlobal
